# This file is automatically @generated by Cargo.
# It is not intended for manual editing.
version = 4

[[package]]
name = "reticle-app"
version = "0.1.0"
dependencies = [
 "reticle-geometry",
 "reticle-model",
 "reticle-render",
 "reticle-sync",
]

[[package]]
name = "reticle-benches"
version = "0.1.0"

[[package]]
name = "reticle-cli"
version = "0.1.0"

[[package]]
name = "reticle-drc"
version = "0.1.0"
dependencies = [
 "reticle-geometry",
 "reticle-index",
 "reticle-model",
]

[[package]]
name = "reticle-extract"
version = "0.1.0"
dependencies = [
 "reticle-geometry",
 "reticle-index",
 "reticle-model",
]

[[package]]
name = "reticle-geometry"
version = "0.1.0"

[[package]]
name = "reticle-index"
version = "0.1.0"
dependencies = [
 "reticle-geometry",
]

[[package]]
name = "reticle-io"
version = "0.1.0"
dependencies = [
 "reticle-geometry",
 "reticle-model",
]

[[package]]
name = "reticle-model"
version = "0.1.0"
dependencies = [
 "reticle-geometry",
]

[[package]]
name = "reticle-proto"
version = "0.1.0"

[[package]]
name = "reticle-render"
version = "0.1.0"
dependencies = [
 "reticle-geometry",
 "reticle-index",
 "reticle-model",
]

[[package]]
name = "reticle-route"
version = "0.1.0"
dependencies = [
 "reticle-geometry",
 "reticle-index",
 "reticle-model",
]

[[package]]
name = "reticle-script"
version = "0.1.0"
dependencies = [
 "reticle-geometry",
 "reticle-model",
]

[[package]]
name = "reticle-server"
version = "0.1.0"

[[package]]
name = "reticle-sync"
version = "0.1.0"
dependencies = [
 "reticle-geometry",
 "reticle-model",
]

[[package]]
name = "web"
version = "0.1.0"

[[package]]
name = "xtask"
version = "0.1.0"
